{"version":4,"terraform_version":"1.10.7","serial":20,"lineage":"30edb7b7-d9b1-694d-0024-f2ad757e03e5","outputs":{},"resources":[{"mode":"managed","type":"docker_container","name":"docker_host","provider":"provider[\"registry.opentofu.org/kreuzwerker/docker\"]","instances":[{"schema_version":2,"attributes":{"attach":false,"bridge":"","capabilities":[],"cgroup_parent":null,"cgroupns_mode":null,"command":[],"container_logs":null,"container_read_refresh_timeout_milliseconds":15000,"cpu_period":null,"cpu_quota":null,"cpu_set":"","cpu_shares":0,"cpus":null,"destroy_grace_seconds":null,"devices":[],"dns":null,"dns_opts":null,"dns_search":null,"domainname":"","entrypoint":["dockerd-entrypoint.sh"],"env":[],"exit_code":null,"gpus":null,"group_add":null,"healthcheck":null,"host":[],"hostname":"268aa97038bd","id":"268aa97038bdf5bb814fcb2d59e15404dcf4008da9febd78b6defad539b1830a","image":"docker:dind","init":false,"ipc_mode":"private","labels":[],"log_driver":"json-file","log_opts":{"max-file":"5","max-size":"10m"},"logs":false,"max_retry_count":0,"memory":0,"memory_reservation":0,"memory_swap":0,"mounts":[],"must_run":true,"name":"docker-compose-host","network_data":[{"gateway":"172.17.0.1","global_ipv6_address":"","global_ipv6_prefix_length":0,"ip_address":"172.17.0.2","ip_prefix_length":16,"ipv6_gateway":"","mac_address":"5e:c4:b3:45:bf:19","network_name":"bridge"}],"network_mode":"bridge","networks_advanced":[],"pid_mode":"","ports":[{"external":8080,"internal":8080,"ip":"0.0.0.0","protocol":"tcp"}],"privileged":true,"publish_all_ports":false,"read_only":false,"remove_volumes":true,"restart":"no","rm":false,"runtime":"runc","security_opts":["label=disable"],"shm_size":64,"start":true,"stdin_open":false,"stop_signal":"","stop_timeout":0,"storage_opts":null,"sysctls":null,"tmpfs":null,"tty":false,"ulimit":[],"upload":[],"user":"","userns_mode":"","volumes":[],"wait":false,"wait_timeout":60,"working_dir":"/"},"sensitive_attributes":[],"private":"eyJzY2hlbWFfdmVyc2lvbiI6IjIifQ=="}]},{"mode":"managed","type":"null_resource","name":"deploy_compose","provider":"provider[\"registry.opentofu.org/hashicorp/null\"]","instances":[{"schema_version":0,"attributes":{"id":"5090681759166852452","triggers":null},"sensitive_attributes":[],"dependencies":["docker_container.docker_host"]}]},{"mode":"managed","type":"null_resource","name":"start_compose","provider":"provider[\"registry.opentofu.org/hashicorp/null\"]","instances":[{"schema_version":0,"attributes":{"id":"5660793580503657608","triggers":null},"sensitive_attributes":[],"dependencies":["docker_container.docker_host","null_resource.deploy_compose"]}]}],"check_results":null}
